# @generated - this file is auto-generated by `mise lock` https://mise.jdx.dev/dev-tools/mise-lock.html

[[tools."github:disintegrator/bumper"]]
version = "0.1.0"
backend = "github:disintegrator/bumper"

[tools."github:disintegrator/bumper"."platforms.linux-arm64"]
checksum = "sha256:7153ddd04b5ad1cb7597b74b57047e897f039289f2d82da67acda8e79fe16550"
url = "https://github.com/disintegrator/bumper/releases/download/v0.1.0/bumper_0.1.0_linux_arm64.tar.gz"
url_api = "https://api.github.com/repos/disintegrator/bumper/releases/assets/492702457"

[tools."github:disintegrator/bumper"."platforms.linux-arm64-musl"]
checksum = "sha256:7153ddd04b5ad1cb7597b74b57047e897f039289f2d82da67acda8e79fe16550"
url = "https://github.com/disintegrator/bumper/releases/download/v0.1.0/bumper_0.1.0_linux_arm64.tar.gz"
url_api = "https://api.github.com/repos/disintegrator/bumper/releases/assets/492702457"

[tools."github:disintegrator/bumper"."platforms.linux-x64"]
checksum = "sha256:bf08191bf5389d15b1321bb5af09304e5ffda988b5fcfbfc94d0fbfc8ea96f89"
url = "https://github.com/disintegrator/bumper/releases/download/v0.1.0/bumper_0.1.0_linux_amd64.tar.gz"
url_api = "https://api.github.com/repos/disintegrator/bumper/releases/assets/492702459"

[tools."github:disintegrator/bumper"."platforms.linux-x64-musl"]
checksum = "sha256:bf08191bf5389d15b1321bb5af09304e5ffda988b5fcfbfc94d0fbfc8ea96f89"
url = "https://github.com/disintegrator/bumper/releases/download/v0.1.0/bumper_0.1.0_linux_amd64.tar.gz"
url_api = "https://api.github.com/repos/disintegrator/bumper/releases/assets/492702459"

[tools."github:disintegrator/bumper"."platforms.macos-arm64"]
checksum = "sha256:167bb3a97a3ea3ceacc15543d3f951c8b010e9653eb72538dc108e9b7da7c0e4"
url = "https://github.com/disintegrator/bumper/releases/download/v0.1.0/bumper_0.1.0_darwin_arm64.tar.gz"
url_api = "https://api.github.com/repos/disintegrator/bumper/releases/assets/492702436"

[tools."github:disintegrator/bumper"."platforms.macos-x64"]
checksum = "sha256:e7bc6136a231006d07bc32143260d42342f2e228aa1467a4be7ad30a23d562cd"
url = "https://github.com/disintegrator/bumper/releases/download/v0.1.0/bumper_0.1.0_darwin_amd64.tar.gz"
url_api = "https://api.github.com/repos/disintegrator/bumper/releases/assets/492702434"

[tools."github:disintegrator/bumper"."platforms.windows-x64"]
checksum = "sha256:50729ed44bab89dad22324c1904ed7dc53e83ccc8928d24b217cd196e8aec292"
url = "https://github.com/disintegrator/bumper/releases/download/v0.1.0/bumper_0.1.0_windows_amd64.zip"
url_api = "https://api.github.com/repos/disintegrator/bumper/releases/assets/492702439"

[[tools.go]]
version = "1.26.5"
backend = "core:go"

[tools.go."platforms.linux-arm64"]
checksum = "sha256:fe4789e92b1f33358680864bbe8704289e7bb5fc207d80623c308935bd696d49"
url = "https://dl.google.com/go/go1.26.5.linux-arm64.tar.gz"

[tools.go."platforms.linux-arm64-musl"]
checksum = "sha256:fe4789e92b1f33358680864bbe8704289e7bb5fc207d80623c308935bd696d49"
url = "https://dl.google.com/go/go1.26.5.linux-arm64.tar.gz"

[tools.go."platforms.linux-x64"]
checksum = "sha256:5c2c3b16caefa1d968a94c1daca04a7ca301a496d9b086e17ad77bb81393f053"
url = "https://dl.google.com/go/go1.26.5.linux-amd64.tar.gz"

[tools.go."platforms.linux-x64-musl"]
checksum = "sha256:5c2c3b16caefa1d968a94c1daca04a7ca301a496d9b086e17ad77bb81393f053"
url = "https://dl.google.com/go/go1.26.5.linux-amd64.tar.gz"

[tools.go."platforms.macos-arm64"]
checksum = "sha256:efb87ff28af9a188d0536ef5d42e63dd52ba8263cd7344a993cc48dd11dedb6a"
url = "https://dl.google.com/go/go1.26.5.darwin-arm64.tar.gz"

[tools.go."platforms.macos-x64"]
checksum = "sha256:6231d8d3b8f5552ec6cbf6d685bdd5482e1e703214b120e89b3bf0d7bf1ef725"
url = "https://dl.google.com/go/go1.26.5.darwin-amd64.tar.gz"

[tools.go."platforms.windows-x64"]
checksum = "sha256:97e6b2a833b6d89f9ff17d25419ac0a7e3b482a044e9ab18cdef834bd834fd38"
url = "https://dl.google.com/go/go1.26.5.windows-amd64.zip"

[[tools.hk]]
version = "1.53.0"
backend = "aqua:jdx/hk"

[tools.hk."platforms.linux-arm64"]
checksum = "sha256:3cf58d268a9114f0923a06c38cf0995b9da43bf2279b09aac3c3c615a615b3e4"
url = "https://github.com/jdx/hk/releases/download/v1.53.0/hk-aarch64-unknown-linux-gnu.tar.gz"
url_api = "https://api.github.com/repos/jdx/hk/releases/assets/487429257"

[tools.hk."platforms.linux-arm64-musl"]
checksum = "sha256:36fdea5faa4994f4c46e18cb5a52f07a7db4228f1ea618cf371bc297cbc48070"
url = "https://github.com/jdx/hk/releases/download/v1.53.0/hk-aarch64-unknown-linux-musl.tar.gz"
url_api = "https://api.github.com/repos/jdx/hk/releases/assets/487429258"

[tools.hk."platforms.linux-x64"]
checksum = "sha256:960c14b3bcd61e36dcb42c304e3cc23b22ef2e6f28ac6559e3856d27acf6b54a"
url = "https://github.com/jdx/hk/releases/download/v1.53.0/hk-x86_64-unknown-linux-gnu.tar.gz"
url_api = "https://api.github.com/repos/jdx/hk/releases/assets/487429267"

[tools.hk."platforms.linux-x64-musl"]
checksum = "sha256:c2075be6f6d4b3606450bdcb58ce5d17d9668804e8ee4f9d93dda596cae2de55"
url = "https://github.com/jdx/hk/releases/download/v1.53.0/hk-x86_64-unknown-linux-musl.tar.gz"
url_api = "https://api.github.com/repos/jdx/hk/releases/assets/487429272"

[tools.hk."platforms.macos-arm64"]
checksum = "sha256:d5c1f9a4c3598cc72c9f15908af6e036b138b9dd97c8891e4d08f699c98a5069"
url = "https://github.com/jdx/hk/releases/download/v1.53.0/hk-aarch64-apple-darwin.tar.gz"
url_api = "https://api.github.com/repos/jdx/hk/releases/assets/487429255"

[tools.hk."platforms.windows-x64"]
checksum = "sha256:a2e5c6131d01cfd6d62204872798f97fc933e7f142d718b3e191434e2d31ef1c"
url = "https://github.com/jdx/hk/releases/download/v1.53.0/hk-x86_64-pc-windows-msvc.zip"
url_api = "https://api.github.com/repos/jdx/hk/releases/assets/487429261"
